
Microsoft Visual Studio Solution File, Format Version 12.00
# Visual Studio 15
VisualStudioVersion = 15.0.36217.24
MinimumVisualStudioVersion = 10.0.40219.1
Project("{8BC9CEB8-8B4A-11D0-8D11-00A0C91BC942}") = "KatBase", "KatBase\KatBase.vcxproj", "{00045042-0A7F-4475-A024-00507041696F}"
EndProject
Project("{8BC9CEB8-8B4A-11D0-8D11-00A0C91BC942}") = "xkelib", "xkelib\xkelib.vcxproj", "{83FEF217-22EE-4768-80BF-9F48D5B4564C}"
EndProject
Global
	GlobalSection(SolutionConfigurationPlatforms) = preSolution
		CodeAnalysis|Xbox 360 = CodeAnalysis|Xbox 360
		Debug|Xbox 360 = Debug|Xbox 360
		Profile_FastCap|Xbox 360 = Profile_FastCap|Xbox 360
		Profile|Xbox 360 = Profile|Xbox 360
		Release Retail|Xbox 360 = Release Retail|Xbox 360
		Release_LTCG|Xbox 360 = Release_LTCG|Xbox 360
		Release|Xbox 360 = Release|Xbox 360
		Release21256.0|Xbox 360 = Release21256.0|Xbox 360
	EndGlobalSection
	GlobalSection(ProjectConfigurationPlatforms) = postSolution
		{00045042-0A7F-4475-A024-00507041696F}.CodeAnalysis|Xbox 360.ActiveCfg = CodeAnalysis|Xbox 360
		{00045042-0A7F-4475-A024-00507041696F}.CodeAnalysis|Xbox 360.Build.0 = CodeAnalysis|Xbox 360
		{00045042-0A7F-4475-A024-00507041696F}.Debug|Xbox 360.ActiveCfg = Debug|Xbox 360
		{00045042-0A7F-4475-A024-00507041696F}.Debug|Xbox 360.Build.0 = Debug|Xbox 360
		{00045042-0A7F-4475-A024-00507041696F}.Profile_FastCap|Xbox 360.ActiveCfg = Profile_FastCap|Xbox 360
		{00045042-0A7F-4475-A024-00507041696F}.Profile_FastCap|Xbox 360.Build.0 = Profile_FastCap|Xbox 360
		{00045042-0A7F-4475-A024-00507041696F}.Profile|Xbox 360.ActiveCfg = Profile|Xbox 360
		{00045042-0A7F-4475-A024-00507041696F}.Profile|Xbox 360.Build.0 = Profile|Xbox 360
		{00045042-0A7F-4475-A024-00507041696F}.Release Retail|Xbox 360.ActiveCfg = Release|Xbox 360
		{00045042-0A7F-4475-A024-00507041696F}.Release Retail|Xbox 360.Build.0 = Release|Xbox 360
		{00045042-0A7F-4475-A024-00507041696F}.Release Retail|Xbox 360.Deploy.0 = Release|Xbox 360
		{00045042-0A7F-4475-A024-00507041696F}.Release_LTCG|Xbox 360.ActiveCfg = Release_LTCG|Xbox 360
		{00045042-0A7F-4475-A024-00507041696F}.Release_LTCG|Xbox 360.Build.0 = Release_LTCG|Xbox 360
		{00045042-0A7F-4475-A024-00507041696F}.Release|Xbox 360.ActiveCfg = Release|Xbox 360
		{00045042-0A7F-4475-A024-00507041696F}.Release|Xbox 360.Build.0 = Release|Xbox 360
		{00045042-0A7F-4475-A024-00507041696F}.Release21256.0|Xbox 360.ActiveCfg = Release|Xbox 360
		{00045042-0A7F-4475-A024-00507041696F}.Release21256.0|Xbox 360.Build.0 = Release|Xbox 360
		{00045042-0A7F-4475-A024-00507041696F}.Release21256.0|Xbox 360.Deploy.0 = Release|Xbox 360
		{83FEF217-22EE-4768-80BF-9F48D5B4564C}.CodeAnalysis|Xbox 360.ActiveCfg = Release Retail|Xbox 360
		{83FEF217-22EE-4768-80BF-9F48D5B4564C}.CodeAnalysis|Xbox 360.Build.0 = Release Retail|Xbox 360
		{83FEF217-22EE-4768-80BF-9F48D5B4564C}.CodeAnalysis|Xbox 360.Deploy.0 = Release Retail|Xbox 360
		{83FEF217-22EE-4768-80BF-9F48D5B4564C}.Debug|Xbox 360.ActiveCfg = Release Retail|Xbox 360
		{83FEF217-22EE-4768-80BF-9F48D5B4564C}.Debug|Xbox 360.Build.0 = Release Retail|Xbox 360
		{83FEF217-22EE-4768-80BF-9F48D5B4564C}.Debug|Xbox 360.Deploy.0 = Release Retail|Xbox 360
		{83FEF217-22EE-4768-80BF-9F48D5B4564C}.Profile_FastCap|Xbox 360.ActiveCfg = Release Retail|Xbox 360
		{83FEF217-22EE-4768-80BF-9F48D5B4564C}.Profile_FastCap|Xbox 360.Build.0 = Release Retail|Xbox 360
		{83FEF217-22EE-4768-80BF-9F48D5B4564C}.Profile_FastCap|Xbox 360.Deploy.0 = Release Retail|Xbox 360
		{83FEF217-22EE-4768-80BF-9F48D5B4564C}.Profile|Xbox 360.ActiveCfg = Release Retail|Xbox 360
		{83FEF217-22EE-4768-80BF-9F48D5B4564C}.Profile|Xbox 360.Build.0 = Release Retail|Xbox 360
		{83FEF217-22EE-4768-80BF-9F48D5B4564C}.Profile|Xbox 360.Deploy.0 = Release Retail|Xbox 360
		{83FEF217-22EE-4768-80BF-9F48D5B4564C}.Release Retail|Xbox 360.ActiveCfg = Release Retail|Xbox 360
		{83FEF217-22EE-4768-80BF-9F48D5B4564C}.Release Retail|Xbox 360.Build.0 = Release Retail|Xbox 360
		{83FEF217-22EE-4768-80BF-9F48D5B4564C}.Release Retail|Xbox 360.Deploy.0 = Release Retail|Xbox 360
		{83FEF217-22EE-4768-80BF-9F48D5B4564C}.Release_LTCG|Xbox 360.ActiveCfg = Release Retail|Xbox 360
		{83FEF217-22EE-4768-80BF-9F48D5B4564C}.Release_LTCG|Xbox 360.Build.0 = Release Retail|Xbox 360
		{83FEF217-22EE-4768-80BF-9F48D5B4564C}.Release_LTCG|Xbox 360.Deploy.0 = Release Retail|Xbox 360
		{83FEF217-22EE-4768-80BF-9F48D5B4564C}.Release|Xbox 360.ActiveCfg = Release Retail|Xbox 360
		{83FEF217-22EE-4768-80BF-9F48D5B4564C}.Release|Xbox 360.Build.0 = Release Retail|Xbox 360
		{83FEF217-22EE-4768-80BF-9F48D5B4564C}.Release|Xbox 360.Deploy.0 = Release Retail|Xbox 360
		{83FEF217-22EE-4768-80BF-9F48D5B4564C}.Release21256.0|Xbox 360.ActiveCfg = Release21256.0|Xbox 360
		{83FEF217-22EE-4768-80BF-9F48D5B4564C}.Release21256.0|Xbox 360.Build.0 = Release21256.0|Xbox 360
		{83FEF217-22EE-4768-80BF-9F48D5B4564C}.Release21256.0|Xbox 360.Deploy.0 = Release21256.0|Xbox 360
	EndGlobalSection
	GlobalSection(SolutionProperties) = preSolution
		HideSolutionNode = FALSE
	EndGlobalSection
	GlobalSection(ExtensibilityGlobals) = postSolution
		SolutionGuid = {424BD178-E22D-41EC-8955-A08E23B83B85}
	EndGlobalSection
EndGlobal
